// !$*UTF8*$!
{
	archiveVersion = 1;
	classes = {
	};
	objectVersion = 56;
	objects = {

/* Begin PBXBuildFile section */
		405799FA2A59F21100709AE5 /* AppDelegate.swift in Sources */ = {isa = PBXBuildFile; fileRef = 405799F92A59F21100709AE5 /* AppDelegate.swift */; };
		405799FC2A59F21100709AE5 /* SceneDelegate.swift in Sources */ = {isa = PBXBuildFile; fileRef = 405799FB2A59F21100709AE5 /* SceneDelegate.swift */; };
		405799FE2A59F21100709AE5 /* MainTabBarViewController.swift in Sources */ = {isa = PBXBuildFile; fileRef = 405799FD2A59F21100709AE5 /* MainTabBarViewController.swift */; };
		40579A032A59F21300709AE5 /* Assets.xcassets in Resources */ = {isa = PBXBuildFile; fileRef = 40579A022A59F21300709AE5 /* Assets.xcassets */; };
		40579A062A59F21300709AE5 /* LaunchScreen.storyboard in Resources */ = {isa = PBXBuildFile; fileRef = 40579A042A59F21300709AE5 /* LaunchScreen.storyboard */; };
		40579A0F2A59F42100709AE5 /* HomeViewController.swift in Sources */ = {isa = PBXBuildFile; fileRef = 40579A0E2A59F42100709AE5 /* HomeViewController.swift */; };
		40579A112A59F45300709AE5 /* UpcomingViewController.swift in Sources */ = {isa = PBXBuildFile; fileRef = 40579A102A59F45300709AE5 /* UpcomingViewController.swift */; };
		40579A132A59F47000709AE5 /* SearchViewController.swift in Sources */ = {isa = PBXBuildFile; fileRef = 40579A122A59F47000709AE5 /* SearchViewController.swift */; };
		40579A152A59F48E00709AE5 /* DownloadsViewController.swift in Sources */ = {isa = PBXBuildFile; fileRef = 40579A142A59F48E00709AE5 /* DownloadsViewController.swift */; };
		40579A1C2A59FD8500709AE5 /* CollectionViewTableViewCell.swift in Sources */ = {isa = PBXBuildFile; fileRef = 40579A1B2A59FD8500709AE5 /* CollectionViewTableViewCell.swift */; };
		40579A1E2A5A37D900709AE5 /* HeroHeaderUIView.swift in Sources */ = {isa = PBXBuildFile; fileRef = 40579A1D2A5A37D900709AE5 /* HeroHeaderUIView.swift */; };
		40579A202A5B8B6500709AE5 /* APICaller.swift in Sources */ = {isa = PBXBuildFile; fileRef = 40579A1F2A5B8B6500709AE5 /* APICaller.swift */; };
		40579A222A5B8FC200709AE5 /* Title.swift in Sources */ = {isa = PBXBuildFile; fileRef = 40579A212A5B8FC200709AE5 /* Title.swift */; };
		40579A242A5B931300709AE5 /* Extensions.swift in Sources */ = {isa = PBXBuildFile; fileRef = 40579A232A5B931300709AE5 /* Extensions.swift */; };
		40579A282A5C9E7200709AE5 /* TitleCollectionViewCell.swift in Sources */ = {isa = PBXBuildFile; fileRef = 40579A272A5C9E7200709AE5 /* TitleCollectionViewCell.swift */; };
		40579A2B2A5C9FD400709AE5 /* SDWebImage in Frameworks */ = {isa = PBXBuildFile; productRef = 40579A2A2A5C9FD400709AE5 /* SDWebImage */; };
		40579A2D2A5C9FD400709AE5 /* SDWebImageMapKit in Frameworks */ = {isa = PBXBuildFile; productRef = 40579A2C2A5C9FD400709AE5 /* SDWebImageMapKit */; };
/* End PBXBuildFile section */

/* Begin PBXFileReference section */
		405799F62A59F21100709AE5 /* NetflixCloneAppUIKit.app */ = {isa = PBXFileReference; explicitFileType = wrapper.application; includeInIndex = 0; path = NetflixCloneAppUIKit.app; sourceTree = BUILT_PRODUCTS_DIR; };
		405799F92A59F21100709AE5 /* AppDelegate.swift */ = {isa = PBXFileReference; lastKnownFileType = sourcecode.swift; path = AppDelegate.swift; sourceTree = "<group>"; };
		405799FB2A59F21100709AE5 /* SceneDelegate.swift */ = {isa = PBXFileReference; lastKnownFileType = sourcecode.swift; path = SceneDelegate.swift; sourceTree = "<group>"; };
		405799FD2A59F21100709AE5 /* MainTabBarViewController.swift */ = {isa = PBXFileReference; lastKnownFileType = sourcecode.swift; path = MainTabBarViewController.swift; sourceTree = "<group>"; };
		40579A022A59F21300709AE5 /* Assets.xcassets */ = {isa = PBXFileReference; lastKnownFileType = folder.assetcatalog; path = Assets.xcassets; sourceTree = "<group>"; };
		40579A052A59F21300709AE5 /* Base */ = {isa = PBXFileReference; lastKnownFileType = file.storyboard; name = Base; path = Base.lproj/LaunchScreen.storyboard; sourceTree = "<group>"; };
		40579A072A59F21300709AE5 /* Info.plist */ = {isa = PBXFileReference; lastKnownFileType = text.plist.xml; path = Info.plist; sourceTree = "<group>"; };
		40579A0E2A59F42100709AE5 /* HomeViewController.swift */ = {isa = PBXFileReference; lastKnownFileType = sourcecode.swift; path = HomeViewController.swift; sourceTree = "<group>"; };
		40579A102A59F45300709AE5 /* UpcomingViewController.swift */ = {isa = PBXFileReference; lastKnownFileType = sourcecode.swift; path = UpcomingViewController.swift; sourceTree = "<group>"; };
		40579A122A59F47000709AE5 /* SearchViewController.swift */ = {isa = PBXFileReference; lastKnownFileType = sourcecode.swift; path = SearchViewController.swift; sourceTree = "<group>"; };
		40579A142A59F48E00709AE5 /* DownloadsViewController.swift */ = {isa = PBXFileReference; lastKnownFileType = sourcecode.swift; path = DownloadsViewController.swift; sourceTree = "<group>"; };
		40579A1B2A59FD8500709AE5 /* CollectionViewTableViewCell.swift */ = {isa = PBXFileReference; lastKnownFileType = sourcecode.swift; path = CollectionViewTableViewCell.swift; sourceTree = "<group>"; };
		40579A1D2A5A37D900709AE5 /* HeroHeaderUIView.swift */ = {isa = PBXFileReference; lastKnownFileType = sourcecode.swift; path = HeroHeaderUIView.swift; sourceTree = "<group>"; };
		40579A1F2A5B8B6500709AE5 /* APICaller.swift */ = {isa = PBXFileReference; lastKnownFileType = sourcecode.swift; path = APICaller.swift; sourceTree = "<group>"; };
		40579A212A5B8FC200709AE5 /* Title.swift */ = {isa = PBXFileReference; lastKnownFileType = sourcecode.swift; path = Title.swift; sourceTree = "<group>"; };
		40579A232A5B931300709AE5 /* Extensions.swift */ = {isa = PBXFileReference; lastKnownFileType = sourcecode.swift; path = Extensions.swift; sourceTree = "<group>"; };
		40579A272A5C9E7200709AE5 /* TitleCollectionViewCell.swift */ = {isa = PBXFileReference; lastKnownFileType = sourcecode.swift; path = TitleCollectionViewCell.swift; sourceTree = "<group>"; };
/* End PBXFileReference section */

/* Begin PBXFrameworksBuildPhase section */
		405799F32A59F21100709AE5 /* Frameworks */ = {
			isa = PBXFrameworksBuildPhase;
			buildActionMask = 2147483647;
			files = (
				40579A2D2A5C9FD400709AE5 /* SDWebImageMapKit in Frameworks */,
				40579A2B2A5C9FD400709AE5 /* SDWebImage in Frameworks */,
			);
			runOnlyForDeploymentPostprocessing = 0;
		};
/* End PBXFrameworksBuildPhase section */

/* Begin PBXGroup section */
		405799ED2A59F21100709AE5 = {
			isa = PBXGroup;
			children = (
				405799F82A59F21100709AE5 /* NetflixCloneAppUIKit */,
				405799F72A59F21100709AE5 /* Products */,
			);
			sourceTree = "<group>";
		};
		405799F72A59F21100709AE5 /* Products */ = {
			isa = PBXGroup;
			children = (
				405799F62A59F21100709AE5 /* NetflixCloneAppUIKit.app */,
			);
			name = Products;
			sourceTree = "<group>";
		};
		405799F82A59F21100709AE5 /* NetflixCloneAppUIKit */ = {
			isa = PBXGroup;
			children = (
				40579A1A2A59FD2F00709AE5 /* Managers */,
				40579A192A59FD2400709AE5 /* Resources */,
				40579A182A59FCDA00709AE5 /* Models */,
				40579A162A59FCCC00709AE5 /* Views */,
				40579A172A59FCD300709AE5 /* ViewModels */,
				40579A0D2A59F40200709AE5 /* Controllers */,
				405799F92A59F21100709AE5 /* AppDelegate.swift */,
				405799FB2A59F21100709AE5 /* SceneDelegate.swift */,
				405799FD2A59F21100709AE5 /* MainTabBarViewController.swift */,
				40579A022A59F21300709AE5 /* Assets.xcassets */,
				40579A042A59F21300709AE5 /* LaunchScreen.storyboard */,
				40579A072A59F21300709AE5 /* Info.plist */,
			);
			path = NetflixCloneAppUIKit;
			sourceTree = "<group>";
		};
		40579A0D2A59F40200709AE5 /* Controllers */ = {
			isa = PBXGroup;
			children = (
				40579A0E2A59F42100709AE5 /* HomeViewController.swift */,
				40579A102A59F45300709AE5 /* UpcomingViewController.swift */,
				40579A122A59F47000709AE5 /* SearchViewController.swift */,
				40579A142A59F48E00709AE5 /* DownloadsViewController.swift */,
			);
			path = Controllers;
			sourceTree = "<group>";
		};
		40579A162A59FCCC00709AE5 /* Views */ = {
			isa = PBXGroup;
			children = (
				40579A1B2A59FD8500709AE5 /* CollectionViewTableViewCell.swift */,
				40579A1D2A5A37D900709AE5 /* HeroHeaderUIView.swift */,
				40579A272A5C9E7200709AE5 /* TitleCollectionViewCell.swift */,
			);
			path = Views;
			sourceTree = "<group>";
		};
		40579A172A59FCD300709AE5 /* ViewModels */ = {
			isa = PBXGroup;
			children = (
			);
			path = ViewModels;
			sourceTree = "<group>";
		};
		40579A182A59FCDA00709AE5 /* Models */ = {
			isa = PBXGroup;
			children = (
				40579A212A5B8FC200709AE5 /* Title.swift */,
			);
			path = Models;
			sourceTree = "<group>";
		};
		40579A192A59FD2400709AE5 /* Resources */ = {
			isa = PBXGroup;
			children = (
				40579A232A5B931300709AE5 /* Extensions.swift */,
			);
			path = Resources;
			sourceTree = "<group>";
		};
		40579A1A2A59FD2F00709AE5 /* Managers */ = {
			isa = PBXGroup;
			children = (
				40579A1F2A5B8B6500709AE5 /* APICaller.swift */,
			);
			path = Managers;
			sourceTree = "<group>";
		};
/* End PBXGroup section */

/* Begin PBXNativeTarget section */
		405799F52A59F21100709AE5 /* NetflixCloneAppUIKit */ = {
			isa = PBXNativeTarget;
			buildConfigurationList = 40579A0A2A59F21300709AE5 /* Build configuration list for PBXNativeTarget "NetflixCloneAppUIKit" */;
			buildPhases = (
				405799F22A59F21100709AE5 /* Sources */,
				405799F32A59F21100709AE5 /* Frameworks */,
				405799F42A59F21100709AE5 /* Resources */,
			);
			buildRules = (
			);
			dependencies = (
			);
			name = NetflixCloneAppUIKit;
			packageProductDependencies = (
				40579A2A2A5C9FD400709AE5 /* SDWebImage */,
				40579A2C2A5C9FD400709AE5 /* SDWebImageMapKit */,
			);
			productName = NetflixCloneAppUIKit;
			productReference = 405799F62A59F21100709AE5 /* NetflixCloneAppUIKit.app */;
			productType = "com.apple.product-type.application";
		};
/* End PBXNativeTarget section */

/* Begin PBXProject section */
		405799EE2A59F21100709AE5 /* Project object */ = {
			isa = PBXProject;
			attributes = {
				BuildIndependentTargetsInParallel = 1;
				LastSwiftUpdateCheck = 1430;
				LastUpgradeCheck = 1430;
				TargetAttributes = {
					405799F52A59F21100709AE5 = {
						CreatedOnToolsVersion = 14.3.1;
					};
				};
			};
			buildConfigurationList = 405799F12A59F21100709AE5 /* Build configuration list for PBXProject "NetflixCloneAppUIKit" */;
			compatibilityVersion = "Xcode 14.0";
			developmentRegion = en;
			hasScannedForEncodings = 0;
			knownRegions = (
				en,
				Base,
			);
			mainGroup = 405799ED2A59F21100709AE5;
			packageReferences = (
				40579A292A5C9FD400709AE5 /* XCRemoteSwiftPackageReference "SDWebImage" */,
			);
			productRefGroup = 405799F72A59F21100709AE5 /* Products */;
			projectDirPath = "";
			projectRoot = "";
			targets = (
				405799F52A59F21100709AE5 /* NetflixCloneAppUIKit */,
			);
		};
/* End PBXProject section */

/* Begin PBXResourcesBuildPhase section */
		405799F42A59F21100709AE5 /* Resources */ = {
			isa = PBXResourcesBuildPhase;
			buildActionMask = 2147483647;
			files = (
				40579A062A59F21300709AE5 /* LaunchScreen.storyboard in Resources */,
				40579A032A59F21300709AE5 /* Assets.xcassets in Resources */,
			);
			runOnlyForDeploymentPostprocessing = 0;
		};
/* End PBXResourcesBuildPhase section */

/* Begin PBXSourcesBuildPhase section */
		405799F22A59F21100709AE5 /* Sources */ = {
			isa = PBXSourcesBuildPhase;
			buildActionMask = 2147483647;
			files = (
				40579A132A59F47000709AE5 /* SearchViewController.swift in Sources */,
				40579A282A5C9E7200709AE5 /* TitleCollectionViewCell.swift in Sources */,
				405799FE2A59F21100709AE5 /* MainTabBarViewController.swift in Sources */,
				40579A1C2A59FD8500709AE5 /* CollectionViewTableViewCell.swift in Sources */,
				40579A202A5B8B6500709AE5 /* APICaller.swift in Sources */,
				40579A1E2A5A37D900709AE5 /* HeroHeaderUIView.swift in Sources */,
				40579A152A59F48E00709AE5 /* DownloadsViewController.swift in Sources */,
				405799FA2A59F21100709AE5 /* AppDelegate.swift in Sources */,
				40579A242A5B931300709AE5 /* Extensions.swift in Sources */,
				405799FC2A59F21100709AE5 /* SceneDelegate.swift in Sources */,
				40579A112A59F45300709AE5 /* UpcomingViewController.swift in Sources */,
				40579A222A5B8FC200709AE5 /* Title.swift in Sources */,
				40579A0F2A59F42100709AE5 /* HomeViewController.swift in Sources */,
			);
			runOnlyForDeploymentPostprocessing = 0;
		};
/* End PBXSourcesBuildPhase section */

/* Begin PBXVariantGroup section */
		40579A042A59F21300709AE5 /* LaunchScreen.storyboard */ = {
			isa = PBXVariantGroup;
			children = (
				40579A052A59F21300709AE5 /* Base */,
			);
			name = LaunchScreen.storyboard;
			sourceTree = "<group>";
		};
/* End PBXVariantGroup section */

/* Begin XCBuildConfiguration section */
		40579A082A59F21300709AE5 /* Debug */ = {
			isa = XCBuildConfiguration;
			buildSettings = {
				ALWAYS_SEARCH_USER_PATHS = NO;
				CLANG_ANALYZER_NONNULL = YES;
				CLANG_ANALYZER_NUMBER_OBJECT_CONVERSION = YES_AGGRESSIVE;
				CLANG_CXX_LANGUAGE_STANDARD = "gnu++20";
				CLANG_ENABLE_MODULES = YES;
				CLANG_ENABLE_OBJC_ARC = YES;
				CLANG_ENABLE_OBJC_WEAK = YES;
				CLANG_WARN_BLOCK_CAPTURE_AUTORELEASING = YES;
				CLANG_WARN_BOOL_CONVERSION = YES;
				CLANG_WARN_COMMA = YES;
				CLANG_WARN_CONSTANT_CONVERSION = YES;
				CLANG_WARN_DEPRECATED_OBJC_IMPLEMENTATIONS = YES;
				CLANG_WARN_DIRECT_OBJC_ISA_USAGE = YES_ERROR;
				CLANG_WARN_DOCUMENTATION_COMMENTS = YES;
				CLANG_WARN_EMPTY_BODY = YES;
				CLANG_WARN_ENUM_CONVERSION = YES;
				CLANG_WARN_INFINITE_RECURSION = YES;
				CLANG_WARN_INT_CONVERSION = YES;
				CLANG_WARN_NON_LITERAL_NULL_CONVERSION = YES;
				CLANG_WARN_OBJC_IMPLICIT_RETAIN_SELF = YES;
				CLANG_WARN_OBJC_LITERAL_CONVERSION = YES;
				CLANG_WARN_OBJC_ROOT_CLASS = YES_ERROR;
				CLANG_WARN_QUOTED_INCLUDE_IN_FRAMEWORK_HEADER = YES;
				CLANG_WARN_RANGE_LOOP_ANALYSIS = YES;
				CLANG_WARN_STRICT_PROTOTYPES = YES;
				CLANG_WARN_SUSPICIOUS_MOVE = YES;
				CLANG_WARN_UNGUARDED_AVAILABILITY = YES_AGGRESSIVE;
				CLANG_WARN_UNREACHABLE_CODE = YES;
				CLANG_WARN__DUPLICATE_METHOD_MATCH = YES;
				COPY_PHASE_STRIP = NO;
				DEBUG_INFORMATION_FORMAT = dwarf;
				ENABLE_STRICT_OBJC_MSGSEND = YES;
				ENABLE_TESTABILITY = YES;
				GCC_C_LANGUAGE_STANDARD = gnu11;
				GCC_DYNAMIC_NO_PIC = NO;
				GCC_NO_COMMON_BLOCKS = YES;
				GCC_OPTIMIZATION_LEVEL = 0;
				GCC_PREPROCESSOR_DEFINITIONS = (
					"DEBUG=1",
					"$(inherited)",
				);
				GCC_WARN_64_TO_32_BIT_CONVERSION = YES;
				GCC_WARN_ABOUT_RETURN_TYPE = YES_ERROR;
				GCC_WARN_UNDECLARED_SELECTOR = YES;
				GCC_WARN_UNINITIALIZED_AUTOS = YES_AGGRESSIVE;
				GCC_WARN_UNUSED_FUNCTION = YES;
				GCC_WARN_UNUSED_VARIABLE = YES;
				IPHONEOS_DEPLOYMENT_TARGET = 16.4;
				MTL_ENABLE_DEBUG_INFO = INCLUDE_SOURCE;
				MTL_FAST_MATH = YES;
				ONLY_ACTIVE_ARCH = YES;
				SDKROOT = iphoneos;
				SWIFT_ACTIVE_COMPILATION_CONDITIONS = DEBUG;
				SWIFT_OPTIMIZATION_LEVEL = "-Onone";
			};
			name = Debug;
		};
		40579A092A59F21300709AE5 /* Release */ = {
			isa = XCBuildConfiguration;
			buildSettings = {
				ALWAYS_SEARCH_USER_PATHS = NO;
				CLANG_ANALYZER_NONNULL = YES;
				CLANG_ANALYZER_NUMBER_OBJECT_CONVERSION = YES_AGGRESSIVE;
				CLANG_CXX_LANGUAGE_STANDARD = "gnu++20";
				CLANG_ENABLE_MODULES = YES;
				CLANG_ENABLE_OBJC_ARC = YES;
				CLANG_ENABLE_OBJC_WEAK = YES;
				CLANG_WARN_BLOCK_CAPTURE_AUTORELEASING = YES;
				CLANG_WARN_BOOL_CONVERSION = YES;
				CLANG_WARN_COMMA = YES;
				CLANG_WARN_CONSTANT_CONVERSION = YES;
				CLANG_WARN_DEPRECATED_OBJC_IMPLEMENTATIONS = YES;
				CLANG_WARN_DIRECT_OBJC_ISA_USAGE = YES_ERROR;
				CLANG_WARN_DOCUMENTATION_COMMENTS = YES;
				CLANG_WARN_EMPTY_BODY = YES;
				CLANG_WARN_ENUM_CONVERSION = YES;
				CLANG_WARN_INFINITE_RECURSION = YES;
				CLANG_WARN_INT_CONVERSION = YES;
				CLANG_WARN_NON_LITERAL_NULL_CONVERSION = YES;
				CLANG_WARN_OBJC_IMPLICIT_RETAIN_SELF = YES;
				CLANG_WARN_OBJC_LITERAL_CONVERSION = YES;
				CLANG_WARN_OBJC_ROOT_CLASS = YES_ERROR;
				CLANG_WARN_QUOTED_INCLUDE_IN_FRAMEWORK_HEADER = YES;
				CLANG_WARN_RANGE_LOOP_ANALYSIS = YES;
				CLANG_WARN_STRICT_PROTOTYPES = YES;
				CLANG_WARN_SUSPICIOUS_MOVE = YES;
				CLANG_WARN_UNGUARDED_AVAILABILITY = YES_AGGRESSIVE;
				CLANG_WARN_UNREACHABLE_CODE = YES;
				CLANG_WARN__DUPLICATE_METHOD_MATCH = YES;
				COPY_PHASE_STRIP = NO;
				DEBUG_INFORMATION_FORMAT = "dwarf-with-dsym";
				ENABLE_NS_ASSERTIONS = NO;
				ENABLE_STRICT_OBJC_MSGSEND = YES;
				GCC_C_LANGUAGE_STANDARD = gnu11;
				GCC_NO_COMMON_BLOCKS = YES;
				GCC_WARN_64_TO_32_BIT_CONVERSION = YES;
				GCC_WARN_ABOUT_RETURN_TYPE = YES_ERROR;
				GCC_WARN_UNDECLARED_SELECTOR = YES;
				GCC_WARN_UNINITIALIZED_AUTOS = YES_AGGRESSIVE;
				GCC_WARN_UNUSED_FUNCTION = YES;
				GCC_WARN_UNUSED_VARIABLE = YES;
				IPHONEOS_DEPLOYMENT_TARGET = 16.4;
				MTL_ENABLE_DEBUG_INFO = NO;
				MTL_FAST_MATH = YES;
				SDKROOT = iphoneos;
				SWIFT_COMPILATION_MODE = wholemodule;
				SWIFT_OPTIMIZATION_LEVEL = "-O";
				VALIDATE_PRODUCT = YES;
			};
			name = Release;
		};
		40579A0B2A59F21300709AE5 /* Debug */ = {
			isa = XCBuildConfiguration;
			buildSettings = {
				ASSETCATALOG_COMPILER_APPICON_NAME = AppIcon;
				ASSETCATALOG_COMPILER_GLOBAL_ACCENT_COLOR_NAME = AccentColor;
				CODE_SIGN_STYLE = Automatic;
				CURRENT_PROJECT_VERSION = 1;
				DEVELOPMENT_TEAM = 7BF453L282;
				GENERATE_INFOPLIST_FILE = YES;
				INFOPLIST_FILE = NetflixCloneAppUIKit/Info.plist;
				INFOPLIST_KEY_UIApplicationSupportsIndirectInputEvents = YES;
				INFOPLIST_KEY_UILaunchStoryboardName = LaunchScreen;
				INFOPLIST_KEY_UISupportedInterfaceOrientations_iPad = "UIInterfaceOrientationPortrait UIInterfaceOrientationPortraitUpsideDown UIInterfaceOrientationLandscapeLeft UIInterfaceOrientationLandscapeRight";
				INFOPLIST_KEY_UISupportedInterfaceOrientations_iPhone = "UIInterfaceOrientationPortrait UIInterfaceOrientationLandscapeLeft UIInterfaceOrientationLandscapeRight";
				LD_RUNPATH_SEARCH_PATHS = (
					"$(inherited)",
					"@executable_path/Frameworks",
				);
				MARKETING_VERSION = 1.0;
				PRODUCT_BUNDLE_IDENTIFIER = freecode.pythonanywhere.www.NetflixCloneAppUIKit;
				PRODUCT_NAME = "$(TARGET_NAME)";
				SWIFT_EMIT_LOC_STRINGS = YES;
				SWIFT_VERSION = 5.0;
				TARGETED_DEVICE_FAMILY = "1,2";
			};
			name = Debug;
		};
		40579A0C2A59F21300709AE5 /* Release */ = {
			isa = XCBuildConfiguration;
			buildSettings = {
				ASSETCATALOG_COMPILER_APPICON_NAME = AppIcon;
				ASSETCATALOG_COMPILER_GLOBAL_ACCENT_COLOR_NAME = AccentColor;
				CODE_SIGN_STYLE = Automatic;
				CURRENT_PROJECT_VERSION = 1;
				DEVELOPMENT_TEAM = 7BF453L282;
				GENERATE_INFOPLIST_FILE = YES;
				INFOPLIST_FILE = NetflixCloneAppUIKit/Info.plist;
				INFOPLIST_KEY_UIApplicationSupportsIndirectInputEvents = YES;
				INFOPLIST_KEY_UILaunchStoryboardName = LaunchScreen;
				INFOPLIST_KEY_UISupportedInterfaceOrientations_iPad = "UIInterfaceOrientationPortrait UIInterfaceOrientationPortraitUpsideDown UIInterfaceOrientationLandscapeLeft UIInterfaceOrientationLandscapeRight";
				INFOPLIST_KEY_UISupportedInterfaceOrientations_iPhone = "UIInterfaceOrientationPortrait UIInterfaceOrientationLandscapeLeft UIInterfaceOrientationLandscapeRight";
				LD_RUNPATH_SEARCH_PATHS = (
					"$(inherited)",
					"@executable_path/Frameworks",
				);
				MARKETING_VERSION = 1.0;
				PRODUCT_BUNDLE_IDENTIFIER = freecode.pythonanywhere.www.NetflixCloneAppUIKit;
				PRODUCT_NAME = "$(TARGET_NAME)";
				SWIFT_EMIT_LOC_STRINGS = YES;
				SWIFT_VERSION = 5.0;
				TARGETED_DEVICE_FAMILY = "1,2";
			};
			name = Release;
		};
/* End XCBuildConfiguration section */

/* Begin XCConfigurationList section */
		405799F12A59F21100709AE5 /* Build configuration list for PBXProject "NetflixCloneAppUIKit" */ = {
			isa = XCConfigurationList;
			buildConfigurations = (
				40579A082A59F21300709AE5 /* Debug */,
				40579A092A59F21300709AE5 /* Release */,
			);
			defaultConfigurationIsVisible = 0;
			defaultConfigurationName = Release;
		};
		40579A0A2A59F21300709AE5 /* Build configuration list for PBXNativeTarget "NetflixCloneAppUIKit" */ = {
			isa = XCConfigurationList;
			buildConfigurations = (
				40579A0B2A59F21300709AE5 /* Debug */,
				40579A0C2A59F21300709AE5 /* Release */,
			);
			defaultConfigurationIsVisible = 0;
			defaultConfigurationName = Release;
		};
/* End XCConfigurationList section */

/* Begin XCRemoteSwiftPackageReference section */
		40579A292A5C9FD400709AE5 /* XCRemoteSwiftPackageReference "SDWebImage" */ = {
			isa = XCRemoteSwiftPackageReference;
			repositoryURL = "https://github.com/SDWebImage/SDWebImage.git";
			requirement = {
				kind = upToNextMajorVersion;
				minimumVersion = 5.0.0;
			};
		};
/* End XCRemoteSwiftPackageReference section */

/* Begin XCSwiftPackageProductDependency section */
		40579A2A2A5C9FD400709AE5 /* SDWebImage */ = {
			isa = XCSwiftPackageProductDependency;
			package = 40579A292A5C9FD400709AE5 /* XCRemoteSwiftPackageReference "SDWebImage" */;
			productName = SDWebImage;
		};
		40579A2C2A5C9FD400709AE5 /* SDWebImageMapKit */ = {
			isa = XCSwiftPackageProductDependency;
			package = 40579A292A5C9FD400709AE5 /* XCRemoteSwiftPackageReference "SDWebImage" */;
			productName = SDWebImageMapKit;
		};
/* End XCSwiftPackageProductDependency section */
	};
	rootObject = 405799EE2A59F21100709AE5 /* Project object */;
}
